github.com/cpuguy83/go-md2man/v2 v2.0.3/go.mod h1:tgQtvFlXSQOSOSIRvRPT7W67SCa46tRHOmNcaadrF8o=
github.com/inconshreveable/mousetrap v1.1.0 h1:wN+x4NVGpMsO7ErUn/mUI3vEoE6Jt13X2s0bqwp9tc8=
github.com/inconshreveable/mousetrap v1.1.0/go.mod h1:vpF70FUmC8bwa3OWnCshd2FqLfsEA9PFc4w1p2J65bw=
github.com/orestonce/go2cpp v0.0.0-20240804085624-460ecb5af956 h1:DhinjgeUvBk8jLCby82NAdTmLrzBCjwzlq6WxWC/ITk=
github.com/orestonce/go2cpp v0.0.0-20240804085624-460ecb5af956/go.mod h1:1fsOAZftk08/dOTRqlp6f/MVwaEKOhrnPUg0RtWiSdY=
github.com/orestonce/gopool v0.0.0-20220508090328-d7d56d45b171 h1:NnOl6HTrhrlTT7aaAybVOtq+fEztGFMoQtegckgwLdk=
github.com/orestonce/gopool v0.0.0-20220508090328-d7d56d45b171/go.mod h1:MCQUrAPiG9/PTjHJuGqWLasKbIaG6z62KO6kfp90byM=
github.com/russross/blackfriday/v2 v2.1.0/go.mod h1:+Rmxgy9KzJVeS9/2gXHxylqXiyQDYRxCVz55jmeOWTM=
github.com/spf13/cobra v1.8.0 h1:7aJaZx1B85qltLMc546zn58BxxfZdR/W22ej9CFoEf0=
github.com/spf13/cobra v1.8.0/go.mod h1:WXLWApfZ71AjXPya3WOlMsY9yMs7YeiHhFVlvLyhcho=
github.com/spf13/pflag v1.0.5 h1:iy+VFUOCP1a+8yFto/drg2CJ5u0yRoB7fZw3DKv/JXA=
github.com/spf13/pflag v1.0.5/go.mod h1:McXfInJRrz4CZXVZOBLb0bTZqETkiAhM9Iw0y3An2Bg=
github.com/xiaoqidun/setft v0.0.0-20220310121541-be86327699ad h1:QtuWk6dsrNXc/ugwCBEN0jG52q/4tXRzMvZm4fH6T9g=
github.com/xiaoqidun/setft v0.0.0-20220310121541-be86327699ad/go.mod h1:Jj8p9bgKGTPQ+M8CdUMS9p7Mmdoxa3OAcAjJQBu0CcI=
github.com/yapingcat/gomedia v0.0.0-20240823161909-e61bbaf17c9a h1:rJYjZAZclK++lHPKoW+5eYm1/0uEWbGWMOix3sASPNs=
github.com/yapingcat/gomedia v0.0.0-20240823161909-e61bbaf17c9a/go.mod h1:WSZ59bidJOO40JSJmLqlkBJrjZCtjbKKkygEMfzY/kc=
golang.org/x/text v0.3.3 h1:cokOdA+Jmi5PJGXLlLllQSgYigAEfHXJAERHVMaCc2k=
golang.org/x/text v0.3.3/go.mod h1:5Zoc/QRtKVWzQhOtBMvqHzDpF6irO9z98xDceosuGiQ=
golang.org/x/tools v0.0.0-20180917221912-90fa682c2a6e/go.mod h1:n7NCudcB/nEzxVGmLbDWY5pfWTLqBcC2KZ6jyYvM4mQ=
gopkg.in/check.v1 v0.0.0-20161208181325-20d25e280405/go.mod h1:Co6ibVJAznAaIkqp8huTwlJQCZ016jof/cbN4VW5Yz0=
gopkg.in/yaml.v3 v3.0.1/go.mod h1:K4uyk7z7BCEPqu6E+C64Yfv1cQ7kz7rIZviUmN+EgEM=
